Microsoft Visual Studio Solution File, Format Version 11.00
# Visual Studio 2008

Project("{66C999AE-9EFF-9B53-4616-5FBBE4A63282}") = "NHBeta", "Assembly-CSharp-firstpass.csproj", "{052E6A4A-7A88-4A76-A4D6-24EC37177235}"
EndProject
Project("{66C999AE-9EFF-9B53-4616-5FBBE4A63282}") = "NHBeta", "Assembly-CSharp.csproj", "{A9C0385A-974E-3EDC-7128-1C5E749B0BF0}"
EndProject
Project("{66C999AE-9EFF-9B53-4616-5FBBE4A63282}") = "NHBeta", "Assembly-CSharp-Editor.csproj", "{5037DE2B-4E85-582F-BFCC-EED3F8570272}"
EndProject
Project("{66C999AE-9EFF-9B53-4616-5FBBE4A63282}") = "NHBeta", "Assembly-UnityScript.unityproj", "{B2F62F02-1315-E12E-C531-BF65C8434110}"
EndProject
Global
	GlobalSection(SolutionConfigurationPlatforms) = preSolution
		Debug|Any CPU = Debug|Any CPU
		Release|Any CPU = Release|Any CPU
	EndGlobalSection
	GlobalSection(ProjectConfigurationPlatforms) = postSolution
		{052E6A4A-7A88-4A76-A4D6-24EC37177235}.Debug|Any CPU.ActiveCfg = Debug|Any CPU
		{052E6A4A-7A88-4A76-A4D6-24EC37177235}.Debug|Any CPU.Build.0 = Debug|Any CPU
		{052E6A4A-7A88-4A76-A4D6-24EC37177235}.Release|Any CPU.ActiveCfg = Release|Any CPU
		{052E6A4A-7A88-4A76-A4D6-24EC37177235}.Release|Any CPU.Build.0 = Release|Any CPU
		{A9C0385A-974E-3EDC-7128-1C5E749B0BF0}.Debug|Any CPU.ActiveCfg = Debug|Any CPU
		{A9C0385A-974E-3EDC-7128-1C5E749B0BF0}.Debug|Any CPU.Build.0 = Debug|Any CPU
		{A9C0385A-974E-3EDC-7128-1C5E749B0BF0}.Release|Any CPU.ActiveCfg = Release|Any CPU
		{A9C0385A-974E-3EDC-7128-1C5E749B0BF0}.Release|Any CPU.Build.0 = Release|Any CPU
		{5037DE2B-4E85-582F-BFCC-EED3F8570272}.Debug|Any CPU.ActiveCfg = Debug|Any CPU
		{5037DE2B-4E85-582F-BFCC-EED3F8570272}.Debug|Any CPU.Build.0 = Debug|Any CPU
		{5037DE2B-4E85-582F-BFCC-EED3F8570272}.Release|Any CPU.ActiveCfg = Release|Any CPU
		{5037DE2B-4E85-582F-BFCC-EED3F8570272}.Release|Any CPU.Build.0 = Release|Any CPU
		{B2F62F02-1315-E12E-C531-BF65C8434110}.Debug|Any CPU.ActiveCfg = Debug|Any CPU
		{B2F62F02-1315-E12E-C531-BF65C8434110}.Debug|Any CPU.Build.0 = Debug|Any CPU
		{B2F62F02-1315-E12E-C531-BF65C8434110}.Release|Any CPU.ActiveCfg = Release|Any CPU
		{B2F62F02-1315-E12E-C531-BF65C8434110}.Release|Any CPU.Build.0 = Release|Any CPU
	EndGlobalSection
	GlobalSection(SolutionProperties) = preSolution
		HideSolutionNode = FALSE
	EndGlobalSection
										GlobalSection(MonoDevelopProperties) = preSolution
		StartupItem = Assembly-CSharp.csproj
		Policies = $0
		$0.TextStylePolicy = $1
		$1.inheritsSet = null
		$1.scope = text/x-csharp
		$0.CSharpFormattingPolicy = $2
		$2.inheritsSet = Mono
		$2.inheritsScope = text/x-csharp
		$2.scope = text/x-csharp
		$0.TextStylePolicy = $3
		$3.FileWidth = 120
		$3.TabWidth = 4
		$3.IndentWidth = 4
		$3.EolMarker = Unix
		$3.inheritsSet = Mono
		$3.inheritsScope = text/plain
		$3.scope = text/plain
	EndGlobalSection

EndGlobal
